
Microsoft Visual Studio Solution File, Format Version 12.00
Project("{FAE04EC0-301F-11D3-BF4B-00C04F79EFBC}") = "FlightTicketsAPI", "FlightTicketsAPI\FlightTicketsAPI.csproj", "{5DB84CD7-383D-4B3A-A725-2836CEF325AF}"
EndProject
Global
	GlobalSection(SolutionConfigurationPlatforms) = preSolution
		Debug|Any CPU = Debug|Any CPU
		Release|Any CPU = Release|Any CPU
	EndGlobalSection
	GlobalSection(ProjectConfigurationPlatforms) = postSolution
		{5DB84CD7-383D-4B3A-A725-2836CEF325AF}.Debug|Any CPU.ActiveCfg = Debug|Any CPU
		{5DB84CD7-383D-4B3A-A725-2836CEF325AF}.Debug|Any CPU.Build.0 = Debug|Any CPU
		{5DB84CD7-383D-4B3A-A725-2836CEF325AF}.Release|Any CPU.ActiveCfg = Release|Any CPU
		{5DB84CD7-383D-4B3A-A725-2836CEF325AF}.Release|Any CPU.Build.0 = Release|Any CPU
	EndGlobalSection
EndGlobal
